
Microsoft Visual Studio Solution File, Format Version 12.00
Project("{FAE04EC0-301F-11D3-BF4B-00C04F79EFBC}") = "LiteConfiguration", "LiteConfiguration.csproj", "{FAF9AF42-CEA2-4125-B04A-118F6936B0DD}"
EndProject
Global
	GlobalSection(SolutionConfigurationPlatforms) = preSolution
		Debug|Any CPU = Debug|Any CPU
		Release|Any CPU = Release|Any CPU
	EndGlobalSection
	GlobalSection(ProjectConfigurationPlatforms) = postSolution
		{FAF9AF42-CEA2-4125-B04A-118F6936B0DD}.Debug|Any CPU.ActiveCfg = Debug|Any CPU
		{FAF9AF42-CEA2-4125-B04A-118F6936B0DD}.Debug|Any CPU.Build.0 = Debug|Any CPU
		{FAF9AF42-CEA2-4125-B04A-118F6936B0DD}.Release|Any CPU.ActiveCfg = Release|Any CPU
		{FAF9AF42-CEA2-4125-B04A-118F6936B0DD}.Release|Any CPU.Build.0 = Release|Any CPU
	EndGlobalSection
EndGlobal
